
Microsoft Visual Studio Solution File, Format Version 12.00
# Visual Studio 14
VisualStudioVersion = 14.0.25420.1
MinimumVisualStudioVersion = 10.0.40219.1
Project("{FAE04EC0-301F-11D3-BF4B-00C04F79EFBC}") = "Mediator", "Mediator\Mediator.csproj", "{1C3F6B39-6057-4024-8DF8-25FD9A70FACC}"
	ProjectSection(ProjectDependencies) = postProject
		{0DAF875F-A5F6-4C81-AF3C-1BF98E4E2CC0} = {0DAF875F-A5F6-4C81-AF3C-1BF98E4E2CC0}
	EndProjectSection
EndProject
Project("{FAE04EC0-301F-11D3-BF4B-00C04F79EFBC}") = "Engine", "Engine\Engine.csproj", "{BE1C1882-3F29-4DDC-B2F5-13C5F8C77F39}"
	ProjectSection(ProjectDependencies) = postProject
		{0DAF875F-A5F6-4C81-AF3C-1BF98E4E2CC0} = {0DAF875F-A5F6-4C81-AF3C-1BF98E4E2CC0}
	EndProjectSection
EndProject
Project("{FAE04EC0-301F-11D3-BF4B-00C04F79EFBC}") = "Libraries", "Libraries\Libraries.csproj", "{0DAF875F-A5F6-4C81-AF3C-1BF98E4E2CC0}"
EndProject
Project("{FAE04EC0-301F-11D3-BF4B-00C04F79EFBC}") = "Version", "Version\Version.csproj", "{BBB9EE40-00BD-45E8-BB87-E5822F8F4EAB}"
EndProject
Project("{FAE04EC0-301F-11D3-BF4B-00C04F79EFBC}") = "Statistics", "Statistics\Statistics.csproj", "{32ADA7F0-9DE5-439E-86FE-81A60F9ACF41}"
EndProject
Project("{F088123C-0E9E-452A-89E6-6BA2F21D5CAC}") = "Design", "Design\Design.modelproj", "{1A494222-C634-48E1-8B18-756B759ED668}"
EndProject
Project("{FAE04EC0-301F-11D3-BF4B-00C04F79EFBC}") = "Output", "Output\Output.csproj", "{4149C9A6-37D9-479D-BFC2-B690DC853BE6}"
	ProjectSection(ProjectDependencies) = postProject
		{0DAF875F-A5F6-4C81-AF3C-1BF98E4E2CC0} = {0DAF875F-A5F6-4C81-AF3C-1BF98E4E2CC0}
	EndProjectSection
EndProject
Project("{FAE04EC0-301F-11D3-BF4B-00C04F79EFBC}") = "Coordination", "Coordination\Coordination.csproj", "{094EA5B8-A61B-4478-8010-27A717ACC9E8}"
	ProjectSection(ProjectDependencies) = postProject
		{0DAF875F-A5F6-4C81-AF3C-1BF98E4E2CC0} = {0DAF875F-A5F6-4C81-AF3C-1BF98E4E2CC0}
	EndProjectSection
EndProject
Project("{FAE04EC0-301F-11D3-BF4B-00C04F79EFBC}") = "ConsoleApp", "ConsoleApp\ConsoleApp.csproj", "{07CCDED4-BBC4-4D52-950C-82D4FF141D44}"
EndProject
Project("{FAE04EC0-301F-11D3-BF4B-00C04F79EFBC}") = "UnitTest", "UnitTest\UnitTest.csproj", "{269E2FEA-DEFD-48B3-9390-633E382E44A1}"
EndProject
Project("{7CF6DF6D-3B04-46F8-A40B-537D21BCA0B4}") = "Documentation", "Documentation\Documentation.shfbproj", "{E1E6FE2C-949B-4A8E-B357-9DDE48F86D28}"
EndProject
Project("{FAE04EC0-301F-11D3-BF4B-00C04F79EFBC}") = "Matches", "Matches\Matches.csproj", "{A0E41156-A6FC-4184-96F3-79C31669A9A0}"
EndProject
Project("{FAE04EC0-301F-11D3-BF4B-00C04F79EFBC}") = "DataAccess", "DataAccess\DataAccess.csproj", "{1D958950-9E1E-4022-9E48-C80316D243EA}"
EndProject
Project("{FAE04EC0-301F-11D3-BF4B-00C04F79EFBC}") = "Config", "Config\Config.csproj", "{1CE2A2E3-D926-4F7E-A0D9-49F797F2C8C3}"
EndProject
Global
	GlobalSection(SolutionConfigurationPlatforms) = preSolution
		Debug|Any CPU = Debug|Any CPU
		Debug|Mixed Platforms = Debug|Mixed Platforms
		Debug|x64 = Debug|x64
		Debug|x86 = Debug|x86
		Release|Any CPU = Release|Any CPU
		Release|Mixed Platforms = Release|Mixed Platforms
		Release|x64 = Release|x64
		Release|x86 = Release|x86
	EndGlobalSection
	GlobalSection(ProjectConfigurationPlatforms) = postSolution
		{1C3F6B39-6057-4024-8DF8-25FD9A70FACC}.Debug|Any CPU.ActiveCfg = Debug|Any CPU
		{1C3F6B39-6057-4024-8DF8-25FD9A70FACC}.Debug|Any CPU.Build.0 = Debug|Any CPU
		{1C3F6B39-6057-4024-8DF8-25FD9A70FACC}.Debug|Mixed Platforms.ActiveCfg = Debug|Any CPU
		{1C3F6B39-6057-4024-8DF8-25FD9A70FACC}.Debug|Mixed Platforms.Build.0 = Debug|Any CPU
		{1C3F6B39-6057-4024-8DF8-25FD9A70FACC}.Debug|x64.ActiveCfg = Debug|x64
		{1C3F6B39-6057-4024-8DF8-25FD9A70FACC}.Debug|x64.Build.0 = Debug|x64
		{1C3F6B39-6057-4024-8DF8-25FD9A70FACC}.Debug|x86.ActiveCfg = Debug|Any CPU
		{1C3F6B39-6057-4024-8DF8-25FD9A70FACC}.Release|Any CPU.ActiveCfg = Release|Any CPU
		{1C3F6B39-6057-4024-8DF8-25FD9A70FACC}.Release|Any CPU.Build.0 = Release|Any CPU
		{1C3F6B39-6057-4024-8DF8-25FD9A70FACC}.Release|Mixed Platforms.ActiveCfg = Release|Any CPU
		{1C3F6B39-6057-4024-8DF8-25FD9A70FACC}.Release|Mixed Platforms.Build.0 = Release|Any CPU
		{1C3F6B39-6057-4024-8DF8-25FD9A70FACC}.Release|x64.ActiveCfg = Release|x64
		{1C3F6B39-6057-4024-8DF8-25FD9A70FACC}.Release|x64.Build.0 = Release|x64
		{1C3F6B39-6057-4024-8DF8-25FD9A70FACC}.Release|x86.ActiveCfg = Release|Any CPU
		{BE1C1882-3F29-4DDC-B2F5-13C5F8C77F39}.Debug|Any CPU.ActiveCfg = Debug|Any CPU
		{BE1C1882-3F29-4DDC-B2F5-13C5F8C77F39}.Debug|Any CPU.Build.0 = Debug|Any CPU
		{BE1C1882-3F29-4DDC-B2F5-13C5F8C77F39}.Debug|Mixed Platforms.ActiveCfg = Debug|Any CPU
		{BE1C1882-3F29-4DDC-B2F5-13C5F8C77F39}.Debug|Mixed Platforms.Build.0 = Debug|Any CPU
		{BE1C1882-3F29-4DDC-B2F5-13C5F8C77F39}.Debug|x64.ActiveCfg = Debug|x64
		{BE1C1882-3F29-4DDC-B2F5-13C5F8C77F39}.Debug|x64.Build.0 = Debug|x64
		{BE1C1882-3F29-4DDC-B2F5-13C5F8C77F39}.Debug|x86.ActiveCfg = Debug|Any CPU
		{BE1C1882-3F29-4DDC-B2F5-13C5F8C77F39}.Release|Any CPU.ActiveCfg = Release|Any CPU
		{BE1C1882-3F29-4DDC-B2F5-13C5F8C77F39}.Release|Any CPU.Build.0 = Release|Any CPU
		{BE1C1882-3F29-4DDC-B2F5-13C5F8C77F39}.Release|Mixed Platforms.ActiveCfg = Release|Any CPU
		{BE1C1882-3F29-4DDC-B2F5-13C5F8C77F39}.Release|Mixed Platforms.Build.0 = Release|Any CPU
		{BE1C1882-3F29-4DDC-B2F5-13C5F8C77F39}.Release|x64.ActiveCfg = Release|x64
		{BE1C1882-3F29-4DDC-B2F5-13C5F8C77F39}.Release|x64.Build.0 = Release|x64
		{BE1C1882-3F29-4DDC-B2F5-13C5F8C77F39}.Release|x86.ActiveCfg = Release|Any CPU
		{0DAF875F-A5F6-4C81-AF3C-1BF98E4E2CC0}.Debug|Any CPU.ActiveCfg = Debug|Any CPU
		{0DAF875F-A5F6-4C81-AF3C-1BF98E4E2CC0}.Debug|Any CPU.Build.0 = Debug|Any CPU
		{0DAF875F-A5F6-4C81-AF3C-1BF98E4E2CC0}.Debug|Mixed Platforms.ActiveCfg = Debug|Any CPU
		{0DAF875F-A5F6-4C81-AF3C-1BF98E4E2CC0}.Debug|Mixed Platforms.Build.0 = Debug|Any CPU
		{0DAF875F-A5F6-4C81-AF3C-1BF98E4E2CC0}.Debug|x64.ActiveCfg = Debug|x64
		{0DAF875F-A5F6-4C81-AF3C-1BF98E4E2CC0}.Debug|x64.Build.0 = Debug|x64
		{0DAF875F-A5F6-4C81-AF3C-1BF98E4E2CC0}.Debug|x86.ActiveCfg = Debug|Any CPU
		{0DAF875F-A5F6-4C81-AF3C-1BF98E4E2CC0}.Release|Any CPU.ActiveCfg = Release|Any CPU
		{0DAF875F-A5F6-4C81-AF3C-1BF98E4E2CC0}.Release|Any CPU.Build.0 = Release|Any CPU
		{0DAF875F-A5F6-4C81-AF3C-1BF98E4E2CC0}.Release|Mixed Platforms.ActiveCfg = Release|Any CPU
		{0DAF875F-A5F6-4C81-AF3C-1BF98E4E2CC0}.Release|Mixed Platforms.Build.0 = Release|Any CPU
		{0DAF875F-A5F6-4C81-AF3C-1BF98E4E2CC0}.Release|x64.ActiveCfg = Release|x64
		{0DAF875F-A5F6-4C81-AF3C-1BF98E4E2CC0}.Release|x64.Build.0 = Release|x64
		{0DAF875F-A5F6-4C81-AF3C-1BF98E4E2CC0}.Release|x86.ActiveCfg = Release|Any CPU
		{BBB9EE40-00BD-45E8-BB87-E5822F8F4EAB}.Debug|Any CPU.ActiveCfg = Debug|Any CPU
		{BBB9EE40-00BD-45E8-BB87-E5822F8F4EAB}.Debug|Any CPU.Build.0 = Debug|Any CPU
		{BBB9EE40-00BD-45E8-BB87-E5822F8F4EAB}.Debug|Mixed Platforms.ActiveCfg = Debug|Any CPU
		{BBB9EE40-00BD-45E8-BB87-E5822F8F4EAB}.Debug|Mixed Platforms.Build.0 = Debug|Any CPU
		{BBB9EE40-00BD-45E8-BB87-E5822F8F4EAB}.Debug|x64.ActiveCfg = Debug|x64
		{BBB9EE40-00BD-45E8-BB87-E5822F8F4EAB}.Debug|x64.Build.0 = Debug|x64
		{BBB9EE40-00BD-45E8-BB87-E5822F8F4EAB}.Debug|x86.ActiveCfg = Debug|Any CPU
		{BBB9EE40-00BD-45E8-BB87-E5822F8F4EAB}.Release|Any CPU.ActiveCfg = Release|Any CPU
		{BBB9EE40-00BD-45E8-BB87-E5822F8F4EAB}.Release|Any CPU.Build.0 = Release|Any CPU
		{BBB9EE40-00BD-45E8-BB87-E5822F8F4EAB}.Release|Mixed Platforms.ActiveCfg = Release|Any CPU
		{BBB9EE40-00BD-45E8-BB87-E5822F8F4EAB}.Release|Mixed Platforms.Build.0 = Release|Any CPU
		{BBB9EE40-00BD-45E8-BB87-E5822F8F4EAB}.Release|x64.ActiveCfg = Release|x64
		{BBB9EE40-00BD-45E8-BB87-E5822F8F4EAB}.Release|x64.Build.0 = Release|x64
		{BBB9EE40-00BD-45E8-BB87-E5822F8F4EAB}.Release|x86.ActiveCfg = Release|Any CPU
		{32ADA7F0-9DE5-439E-86FE-81A60F9ACF41}.Debug|Any CPU.ActiveCfg = Debug|Any CPU
		{32ADA7F0-9DE5-439E-86FE-81A60F9ACF41}.Debug|Any CPU.Build.0 = Debug|Any CPU
		{32ADA7F0-9DE5-439E-86FE-81A60F9ACF41}.Debug|Mixed Platforms.ActiveCfg = Debug|Any CPU
		{32ADA7F0-9DE5-439E-86FE-81A60F9ACF41}.Debug|Mixed Platforms.Build.0 = Debug|Any CPU
		{32ADA7F0-9DE5-439E-86FE-81A60F9ACF41}.Debug|x64.ActiveCfg = Debug|x64
		{32ADA7F0-9DE5-439E-86FE-81A60F9ACF41}.Debug|x64.Build.0 = Debug|x64
		{32ADA7F0-9DE5-439E-86FE-81A60F9ACF41}.Debug|x86.ActiveCfg = Debug|Any CPU
		{32ADA7F0-9DE5-439E-86FE-81A60F9ACF41}.Release|Any CPU.ActiveCfg = Release|Any CPU
		{32ADA7F0-9DE5-439E-86FE-81A60F9ACF41}.Release|Any CPU.Build.0 = Release|Any CPU
		{32ADA7F0-9DE5-439E-86FE-81A60F9ACF41}.Release|Mixed Platforms.ActiveCfg = Release|Any CPU
		{32ADA7F0-9DE5-439E-86FE-81A60F9ACF41}.Release|Mixed Platforms.Build.0 = Release|Any CPU
		{32ADA7F0-9DE5-439E-86FE-81A60F9ACF41}.Release|x64.ActiveCfg = Release|x64
		{32ADA7F0-9DE5-439E-86FE-81A60F9ACF41}.Release|x64.Build.0 = Release|x64
		{32ADA7F0-9DE5-439E-86FE-81A60F9ACF41}.Release|x86.ActiveCfg = Release|Any CPU
		{1A494222-C634-48E1-8B18-756B759ED668}.Debug|Any CPU.ActiveCfg = Debug|Any CPU
		{1A494222-C634-48E1-8B18-756B759ED668}.Debug|Any CPU.Build.0 = Debug|Any CPU
		{1A494222-C634-48E1-8B18-756B759ED668}.Debug|Mixed Platforms.ActiveCfg = Debug|Any CPU
		{1A494222-C634-48E1-8B18-756B759ED668}.Debug|Mixed Platforms.Build.0 = Debug|Any CPU
		{1A494222-C634-48E1-8B18-756B759ED668}.Debug|x64.ActiveCfg = Debug|Any CPU
		{1A494222-C634-48E1-8B18-756B759ED668}.Debug|x86.ActiveCfg = Debug|Any CPU
		{1A494222-C634-48E1-8B18-756B759ED668}.Release|Any CPU.ActiveCfg = Release|Any CPU
		{1A494222-C634-48E1-8B18-756B759ED668}.Release|Any CPU.Build.0 = Release|Any CPU
		{1A494222-C634-48E1-8B18-756B759ED668}.Release|Mixed Platforms.ActiveCfg = Release|Any CPU
		{1A494222-C634-48E1-8B18-756B759ED668}.Release|Mixed Platforms.Build.0 = Release|Any CPU
		{1A494222-C634-48E1-8B18-756B759ED668}.Release|x64.ActiveCfg = Release|Any CPU
		{1A494222-C634-48E1-8B18-756B759ED668}.Release|x86.ActiveCfg = Release|Any CPU
		{4149C9A6-37D9-479D-BFC2-B690DC853BE6}.Debug|Any CPU.ActiveCfg = Debug|Any CPU
		{4149C9A6-37D9-479D-BFC2-B690DC853BE6}.Debug|Any CPU.Build.0 = Debug|Any CPU
		{4149C9A6-37D9-479D-BFC2-B690DC853BE6}.Debug|Mixed Platforms.ActiveCfg = Debug|Any CPU
		{4149C9A6-37D9-479D-BFC2-B690DC853BE6}.Debug|Mixed Platforms.Build.0 = Debug|Any CPU
		{4149C9A6-37D9-479D-BFC2-B690DC853BE6}.Debug|x64.ActiveCfg = Debug|x64
		{4149C9A6-37D9-479D-BFC2-B690DC853BE6}.Debug|x64.Build.0 = Debug|x64
		{4149C9A6-37D9-479D-BFC2-B690DC853BE6}.Debug|x86.ActiveCfg = Debug|Any CPU
		{4149C9A6-37D9-479D-BFC2-B690DC853BE6}.Release|Any CPU.ActiveCfg = Release|Any CPU
		{4149C9A6-37D9-479D-BFC2-B690DC853BE6}.Release|Any CPU.Build.0 = Release|Any CPU
		{4149C9A6-37D9-479D-BFC2-B690DC853BE6}.Release|Mixed Platforms.ActiveCfg = Release|Any CPU
		{4149C9A6-37D9-479D-BFC2-B690DC853BE6}.Release|Mixed Platforms.Build.0 = Release|Any CPU
		{4149C9A6-37D9-479D-BFC2-B690DC853BE6}.Release|x64.ActiveCfg = Release|x64
		{4149C9A6-37D9-479D-BFC2-B690DC853BE6}.Release|x64.Build.0 = Release|x64
		{4149C9A6-37D9-479D-BFC2-B690DC853BE6}.Release|x86.ActiveCfg = Release|Any CPU
		{094EA5B8-A61B-4478-8010-27A717ACC9E8}.Debug|Any CPU.ActiveCfg = Debug|Any CPU
		{094EA5B8-A61B-4478-8010-27A717ACC9E8}.Debug|Any CPU.Build.0 = Debug|Any CPU
		{094EA5B8-A61B-4478-8010-27A717ACC9E8}.Debug|Mixed Platforms.ActiveCfg = Debug|Any CPU
		{094EA5B8-A61B-4478-8010-27A717ACC9E8}.Debug|Mixed Platforms.Build.0 = Debug|Any CPU
		{094EA5B8-A61B-4478-8010-27A717ACC9E8}.Debug|x64.ActiveCfg = Debug|x64
		{094EA5B8-A61B-4478-8010-27A717ACC9E8}.Debug|x64.Build.0 = Debug|x64
		{094EA5B8-A61B-4478-8010-27A717ACC9E8}.Debug|x86.ActiveCfg = Debug|Any CPU
		{094EA5B8-A61B-4478-8010-27A717ACC9E8}.Release|Any CPU.ActiveCfg = Release|Any CPU
		{094EA5B8-A61B-4478-8010-27A717ACC9E8}.Release|Any CPU.Build.0 = Release|Any CPU
		{094EA5B8-A61B-4478-8010-27A717ACC9E8}.Release|Mixed Platforms.ActiveCfg = Release|Any CPU
		{094EA5B8-A61B-4478-8010-27A717ACC9E8}.Release|Mixed Platforms.Build.0 = Release|Any CPU
		{094EA5B8-A61B-4478-8010-27A717ACC9E8}.Release|x64.ActiveCfg = Release|x64
		{094EA5B8-A61B-4478-8010-27A717ACC9E8}.Release|x64.Build.0 = Release|x64
		{094EA5B8-A61B-4478-8010-27A717ACC9E8}.Release|x86.ActiveCfg = Release|Any CPU
		{07CCDED4-BBC4-4D52-950C-82D4FF141D44}.Debug|Any CPU.ActiveCfg = Debug|x86
		{07CCDED4-BBC4-4D52-950C-82D4FF141D44}.Debug|Mixed Platforms.ActiveCfg = Debug|Any CPU
		{07CCDED4-BBC4-4D52-950C-82D4FF141D44}.Debug|Mixed Platforms.Build.0 = Debug|Any CPU
		{07CCDED4-BBC4-4D52-950C-82D4FF141D44}.Debug|x64.ActiveCfg = Debug|x64
		{07CCDED4-BBC4-4D52-950C-82D4FF141D44}.Debug|x64.Build.0 = Debug|x64
		{07CCDED4-BBC4-4D52-950C-82D4FF141D44}.Debug|x86.ActiveCfg = Debug|x86
		{07CCDED4-BBC4-4D52-950C-82D4FF141D44}.Debug|x86.Build.0 = Debug|x86
		{07CCDED4-BBC4-4D52-950C-82D4FF141D44}.Release|Any CPU.ActiveCfg = Release|x86
		{07CCDED4-BBC4-4D52-950C-82D4FF141D44}.Release|Mixed Platforms.ActiveCfg = Release|Any CPU
		{07CCDED4-BBC4-4D52-950C-82D4FF141D44}.Release|Mixed Platforms.Build.0 = Release|Any CPU
		{07CCDED4-BBC4-4D52-950C-82D4FF141D44}.Release|x64.ActiveCfg = Release|x64
		{07CCDED4-BBC4-4D52-950C-82D4FF141D44}.Release|x86.ActiveCfg = Release|x86
		{07CCDED4-BBC4-4D52-950C-82D4FF141D44}.Release|x86.Build.0 = Release|x86
		{269E2FEA-DEFD-48B3-9390-633E382E44A1}.Debug|Any CPU.ActiveCfg = Debug|Any CPU
		{269E2FEA-DEFD-48B3-9390-633E382E44A1}.Debug|Any CPU.Build.0 = Debug|Any CPU
		{269E2FEA-DEFD-48B3-9390-633E382E44A1}.Debug|Mixed Platforms.ActiveCfg = Debug|Any CPU
		{269E2FEA-DEFD-48B3-9390-633E382E44A1}.Debug|Mixed Platforms.Build.0 = Debug|Any CPU
		{269E2FEA-DEFD-48B3-9390-633E382E44A1}.Debug|x64.ActiveCfg = Debug|x64
		{269E2FEA-DEFD-48B3-9390-633E382E44A1}.Debug|x64.Build.0 = Debug|x64
		{269E2FEA-DEFD-48B3-9390-633E382E44A1}.Debug|x86.ActiveCfg = Debug|Any CPU
		{269E2FEA-DEFD-48B3-9390-633E382E44A1}.Release|Any CPU.ActiveCfg = Release|Any CPU
		{269E2FEA-DEFD-48B3-9390-633E382E44A1}.Release|Any CPU.Build.0 = Release|Any CPU
		{269E2FEA-DEFD-48B3-9390-633E382E44A1}.Release|Mixed Platforms.ActiveCfg = Release|Any CPU
		{269E2FEA-DEFD-48B3-9390-633E382E44A1}.Release|Mixed Platforms.Build.0 = Release|Any CPU
		{269E2FEA-DEFD-48B3-9390-633E382E44A1}.Release|x64.ActiveCfg = Release|x64
		{269E2FEA-DEFD-48B3-9390-633E382E44A1}.Release|x64.Build.0 = Release|x64
		{269E2FEA-DEFD-48B3-9390-633E382E44A1}.Release|x86.ActiveCfg = Release|Any CPU
		{E1E6FE2C-949B-4A8E-B357-9DDE48F86D28}.Debug|Any CPU.ActiveCfg = Debug|Any CPU
		{E1E6FE2C-949B-4A8E-B357-9DDE48F86D28}.Debug|Any CPU.Build.0 = Debug|Any CPU
		{E1E6FE2C-949B-4A8E-B357-9DDE48F86D28}.Debug|Mixed Platforms.ActiveCfg = Debug|Any CPU
		{E1E6FE2C-949B-4A8E-B357-9DDE48F86D28}.Debug|x64.ActiveCfg = Debug|Any CPU
		{E1E6FE2C-949B-4A8E-B357-9DDE48F86D28}.Debug|x86.ActiveCfg = Debug|Any CPU
		{E1E6FE2C-949B-4A8E-B357-9DDE48F86D28}.Release|Any CPU.ActiveCfg = Release|Any CPU
		{E1E6FE2C-949B-4A8E-B357-9DDE48F86D28}.Release|Any CPU.Build.0 = Release|Any CPU
		{E1E6FE2C-949B-4A8E-B357-9DDE48F86D28}.Release|Mixed Platforms.ActiveCfg = Release|Any CPU
		{E1E6FE2C-949B-4A8E-B357-9DDE48F86D28}.Release|Mixed Platforms.Build.0 = Release|Any CPU
		{E1E6FE2C-949B-4A8E-B357-9DDE48F86D28}.Release|x64.ActiveCfg = Release|Any CPU
		{E1E6FE2C-949B-4A8E-B357-9DDE48F86D28}.Release|x86.ActiveCfg = Release|Any CPU
		{A0E41156-A6FC-4184-96F3-79C31669A9A0}.Debug|Any CPU.ActiveCfg = Debug|Any CPU
		{A0E41156-A6FC-4184-96F3-79C31669A9A0}.Debug|Any CPU.Build.0 = Debug|Any CPU
		{A0E41156-A6FC-4184-96F3-79C31669A9A0}.Debug|Mixed Platforms.ActiveCfg = Debug|Any CPU
		{A0E41156-A6FC-4184-96F3-79C31669A9A0}.Debug|Mixed Platforms.Build.0 = Debug|Any CPU
		{A0E41156-A6FC-4184-96F3-79C31669A9A0}.Debug|x64.ActiveCfg = Debug|Any CPU
		{A0E41156-A6FC-4184-96F3-79C31669A9A0}.Debug|x86.ActiveCfg = Debug|Any CPU
		{A0E41156-A6FC-4184-96F3-79C31669A9A0}.Release|Any CPU.ActiveCfg = Release|Any CPU
		{A0E41156-A6FC-4184-96F3-79C31669A9A0}.Release|Any CPU.Build.0 = Release|Any CPU
		{A0E41156-A6FC-4184-96F3-79C31669A9A0}.Release|Mixed Platforms.ActiveCfg = Release|Any CPU
		{A0E41156-A6FC-4184-96F3-79C31669A9A0}.Release|Mixed Platforms.Build.0 = Release|Any CPU
		{A0E41156-A6FC-4184-96F3-79C31669A9A0}.Release|x64.ActiveCfg = Release|Any CPU
		{A0E41156-A6FC-4184-96F3-79C31669A9A0}.Release|x86.ActiveCfg = Release|Any CPU
		{1D958950-9E1E-4022-9E48-C80316D243EA}.Debug|Any CPU.ActiveCfg = Debug|Any CPU
		{1D958950-9E1E-4022-9E48-C80316D243EA}.Debug|Any CPU.Build.0 = Debug|Any CPU
		{1D958950-9E1E-4022-9E48-C80316D243EA}.Debug|Mixed Platforms.ActiveCfg = Debug|Any CPU
		{1D958950-9E1E-4022-9E48-C80316D243EA}.Debug|Mixed Platforms.Build.0 = Debug|Any CPU
		{1D958950-9E1E-4022-9E48-C80316D243EA}.Debug|x64.ActiveCfg = Debug|Any CPU
		{1D958950-9E1E-4022-9E48-C80316D243EA}.Debug|x86.ActiveCfg = Debug|Any CPU
		{1D958950-9E1E-4022-9E48-C80316D243EA}.Release|Any CPU.ActiveCfg = Release|Any CPU
		{1D958950-9E1E-4022-9E48-C80316D243EA}.Release|Any CPU.Build.0 = Release|Any CPU
		{1D958950-9E1E-4022-9E48-C80316D243EA}.Release|Mixed Platforms.ActiveCfg = Release|Any CPU
		{1D958950-9E1E-4022-9E48-C80316D243EA}.Release|Mixed Platforms.Build.0 = Release|Any CPU
		{1D958950-9E1E-4022-9E48-C80316D243EA}.Release|x64.ActiveCfg = Release|Any CPU
		{1D958950-9E1E-4022-9E48-C80316D243EA}.Release|x86.ActiveCfg = Release|Any CPU
		{1CE2A2E3-D926-4F7E-A0D9-49F797F2C8C3}.Debug|Any CPU.ActiveCfg = Debug|Any CPU
		{1CE2A2E3-D926-4F7E-A0D9-49F797F2C8C3}.Debug|Any CPU.Build.0 = Debug|Any CPU
		{1CE2A2E3-D926-4F7E-A0D9-49F797F2C8C3}.Debug|Mixed Platforms.ActiveCfg = Debug|Any CPU
		{1CE2A2E3-D926-4F7E-A0D9-49F797F2C8C3}.Debug|Mixed Platforms.Build.0 = Debug|Any CPU
		{1CE2A2E3-D926-4F7E-A0D9-49F797F2C8C3}.Debug|x64.ActiveCfg = Debug|Any CPU
		{1CE2A2E3-D926-4F7E-A0D9-49F797F2C8C3}.Debug|x64.Build.0 = Debug|Any CPU
		{1CE2A2E3-D926-4F7E-A0D9-49F797F2C8C3}.Debug|x86.ActiveCfg = Debug|Any CPU
		{1CE2A2E3-D926-4F7E-A0D9-49F797F2C8C3}.Debug|x86.Build.0 = Debug|Any CPU
		{1CE2A2E3-D926-4F7E-A0D9-49F797F2C8C3}.Release|Any CPU.ActiveCfg = Release|Any CPU
		{1CE2A2E3-D926-4F7E-A0D9-49F797F2C8C3}.Release|Any CPU.Build.0 = Release|Any CPU
		{1CE2A2E3-D926-4F7E-A0D9-49F797F2C8C3}.Release|Mixed Platforms.ActiveCfg = Release|Any CPU
		{1CE2A2E3-D926-4F7E-A0D9-49F797F2C8C3}.Release|Mixed Platforms.Build.0 = Release|Any CPU
		{1CE2A2E3-D926-4F7E-A0D9-49F797F2C8C3}.Release|x64.ActiveCfg = Release|Any CPU
		{1CE2A2E3-D926-4F7E-A0D9-49F797F2C8C3}.Release|x64.Build.0 = Release|Any CPU
		{1CE2A2E3-D926-4F7E-A0D9-49F797F2C8C3}.Release|x86.ActiveCfg = Release|Any CPU
		{1CE2A2E3-D926-4F7E-A0D9-49F797F2C8C3}.Release|x86.Build.0 = Release|Any CPU
	EndGlobalSection
	GlobalSection(SolutionProperties) = preSolution
		HideSolutionNode = FALSE
	EndGlobalSection
	GlobalSection(TeamFoundationVersionControl) = preSolution
		SccNumberOfProjects = 15
		SccEnterpriseProvider = {4CA58AB2-18FA-4F8D-95D4-32DDF27D184C}
		SccTeamFoundationServer = https://octopus.visualstudio.com/defaultcollection
		SccLocalPath0 = .
		SccProjectUniqueName1 = Design\\Design.modelproj
		SccProjectName1 = Design
		SccLocalPath1 = Design
		SccProjectUniqueName2 = ConsoleApp\\ConsoleApp.csproj
		SccProjectName2 = ConsoleApp
		SccLocalPath2 = ConsoleApp
		SccProjectUniqueName3 = Coordination\\Coordination.csproj
		SccProjectName3 = Coordination
		SccLocalPath3 = Coordination
		SccProjectUniqueName4 = Engine\\Engine.csproj
		SccProjectName4 = Engine
		SccLocalPath4 = Engine
		SccProjectUniqueName5 = Libraries\\Libraries.csproj
		SccProjectName5 = Libraries
		SccLocalPath5 = Libraries
		SccProjectUniqueName6 = Mediator\\Mediator.csproj
		SccProjectName6 = Mediator
		SccLocalPath6 = Mediator
		SccProjectUniqueName7 = Output\\Output.csproj
		SccProjectName7 = Output
		SccLocalPath7 = Output
		SccProjectUniqueName8 = Statistics\\Statistics.csproj
		SccProjectName8 = Statistics
		SccLocalPath8 = Statistics
		SccProjectUniqueName9 = Version\\Version.csproj
		SccProjectName9 = Version
		SccLocalPath9 = Version
		SccProjectUniqueName10 = UnitTest\\UnitTest.csproj
		SccProjectName10 = UnitTest
		SccLocalPath10 = UnitTest
		SccProjectUniqueName11 = Documentation\\Documentation.shfbproj
		SccProjectName11 = Documentation
		SccLocalPath11 = Documentation
		SccProjectUniqueName12 = Matches\\Matches.csproj
		SccProjectName12 = Matches
		SccLocalPath12 = Matches
		SccProjectUniqueName13 = DataAccess\\DataAccess.csproj
		SccProjectName13 = DataAccess
		SccLocalPath13 = DataAccess
		SccProjectUniqueName14 = Config\\Config.csproj
		SccProjectName14 = Config
		SccLocalPath14 = Config
	EndGlobalSection
	GlobalSection(NDepend) = preSolution
		Project = ""
	EndGlobalSection
EndGlobal
